{
  "lockfile-version": 1,
  "manifest": {
    "version": 1,
    "install": {
      "git": {
        "pkg-path": "git"
      },
      "coreutils": {
        "pkg-path": "coreutils"
      },
      "just": {
        "pkg-path": "just"
      }
    }
  },
  "packages": [
    {
      "attr_path": "git",
      "broken": false,
      "derivation": "/nix/store/6d98i7ksgr6d4xjjh0y6fl6ianxxzzbf-git-2.51.0.drv",
      "description": "Distributed version control system",
      "install_id": "git",
      "license": "GPL-2.0",
      "locked_url": "https://github.com/flox/nixpkgs?rev=e9f00bd893984bc8ce46c895c3bf7cac95331127",
      "name": "git-2.51.0",
      "pname": "git",
      "rev": "e9f00bd893984bc8ce46c895c3bf7cac95331127",
      "rev_count": 868392,
      "rev_date": "2025-09-28T05:12:35Z",
      "scrape_date": "2025-09-30T01:44:33.359055Z",
      "stabilities": [
        "unstable"
      ],
      "unfree": false,
      "version": "2.51.0",
      "outputs_to_install": [
        "out"
      ],
      "outputs": {
        "doc": "/nix/store/4gwi3dw7ay6ddmzyzx36a15ds51493hz-git-2.51.0-doc",
        "out": "/nix/store/4q2dd3sf6xq9bky0aq2wyp2pf958j0rz-git-2.51.0"
      },
      "system": "aarch64-darwin",
      "group": "toplevel",
      "priority": 5
    },
    {
      "attr_path": "git",
      "broken": false,
      "derivation": "/nix/store/wqvqcz0zhylgjfzgbw22dkn9ms5slzda-git-2.51.0.drv",
      "description": "Distributed version control system",
      "install_id": "git",
      "license": "GPL-2.0",
      "locked_url": "https://github.com/flox/nixpkgs?rev=e9f00bd893984bc8ce46c895c3bf7cac95331127",
      "name": "git-2.51.0",
      "pname": "git",
      "rev": "e9f00bd893984bc8ce46c895c3bf7cac95331127",
      "rev_count": 868392,
      "rev_date": "2025-09-28T05:12:35Z",
      "scrape_date": "2025-09-30T02:42:09.361382Z",
      "stabilities": [
        "unstable"
      ],
      "unfree": false,
      "version": "2.51.0",
      "outputs_to_install": [
        "out"
      ],
      "outputs": {
        "doc": "/nix/store/6mrf4pn3qr89l7lw1xv2n5nlj0wpqs94-git-2.51.0-doc",
        "out": "/nix/store/a16jim5gw87lhmzms8n9jvz6rqii52n1-git-2.51.0"
      },
      "system": "x86_64-darwin",
      "group": "toplevel",
      "priority": 5
    },
    {
      "attr_path": "git",
      "broken": false,
      "derivation": "/nix/store/jcd1hmakc99sfm5hzxgscpgkdhiq7bk4-git-2.51.0.drv",
      "description": "Distributed version control system",
      "install_id": "git",
      "license": "GPL-2.0",
      "locked_url": "https://github.com/flox/nixpkgs?rev=e9f00bd893984bc8ce46c895c3bf7cac95331127",
      "name": "git-2.51.0",
      "pname": "git",
      "rev": "e9f00bd893984bc8ce46c895c3bf7cac95331127",
      "rev_count": 868392,
      "rev_date": "2025-09-28T05:12:35Z",
      "scrape_date": "2025-09-30T02:14:05.248327Z",
      "stabilities": [
        "unstable"
      ],
      "unfree": false,
      "version": "2.51.0",
      "outputs_to_install": [
        "out"
      ],
      "outputs": {
        "doc": "/nix/store/lxbmn3fzikq9l7aw4xi6lkxqmc2866qd-git-2.51.0-doc",
        "out": "/nix/store/7x5qzsv0msjcvyhn98zayq520gdwb76m-git-2.51.0",
        "debug": "/nix/store/xh22pd5vdl2i1lj975gsv0dc4ywwi42j-git-2.51.0-debug"
      },
      "system": "aarch64-linux",
      "group": "toplevel",
      "priority": 5
    },
    {
      "attr_path": "git",
      "broken": false,
      "derivation": "/nix/store/yyw6nzfcdckb36blm5mf5b5mss1m9asq-git-2.51.0.drv",
      "description": "Distributed version control system",
      "install_id": "git",
      "license": "GPL-2.0",
      "locked_url": "https://github.com/flox/nixpkgs?rev=e9f00bd893984bc8ce46c895c3bf7cac95331127",
      "name": "git-2.51.0",
      "pname": "git",
      "rev": "e9f00bd893984bc8ce46c895c3bf7cac95331127",
      "rev_count": 868392,
      "rev_date": "2025-09-28T05:12:35Z",
      "scrape_date": "2025-09-30T03:13:49.598077Z",
      "stabilities": [
        "unstable"
      ],
      "unfree": false,
      "version": "2.51.0",
      "outputs_to_install": [
        "out"
      ],
      "outputs": {
        "doc": "/nix/store/vjjhqc2vixs1pfy4bh5qpqrvqg042vd4-git-2.51.0-doc",
        "out": "/nix/store/q1zaii9cirbfpmwr7d86hpppql3kjcpf-git-2.51.0",
        "debug": "/nix/store/zdh0b77j1n8irhshwgrhyjfrrjxk9fbw-git-2.51.0-debug"
      },
      "system": "x86_64-linux",
      "group": "toplevel",
      "priority": 5
    },
    {
      "attr_path": "coreutils",
      "broken": false,
      "derivation": "/nix/store/wkqc68b1vgyxgb13b4br60wqbqx8j4bq-coreutils-9.7.drv",
      "description": "GNU Core Utilities",
      "install_id": "coreutils",
      "license": "GPL-3.0-or-later",
      "locked_url": "https://github.com/flox/nixpkgs?rev=e9f00bd893984bc8ce46c895c3bf7cac95331127",
      "name": "coreutils-9.7",
      "pname": "coreutils",
      "rev": "e9f00bd893984bc8ce46c895c3bf7cac95331127",
      "rev_count": 868392,
      "rev_date": "2025-09-28T05:12:35Z",
      "scrape_date": "2025-09-30T01:44:32.693675Z",
      "stabilities": [
        "unstable"
      ],
      "unfree": false,
      "version": "9.7",
      "outputs_to_install": [
        "out"
      ],
      "outputs": {
        "out": "/nix/store/wbs75n9ffs3ac1pmn4fc7wqs0m9r1z3c-coreutils-9.7",
        "info": "/nix/store/6jlign71w02019282ibcb3yshnc5k0zp-coreutils-9.7-info"
      },
      "system": "aarch64-darwin",
      "group": "toplevel",
      "priority": 5
    },
    {
      "attr_path": "coreutils",
      "broken": false,
      "derivation": "/nix/store/lq8sc5m7iibiccqr4g920vd3wrwsggqi-coreutils-9.7.drv",
      "description": "GNU Core Utilities",
      "install_id": "coreutils",
      "license": "GPL-3.0-or-later",
      "locked_url": "https://github.com/flox/nixpkgs?rev=e9f00bd893984bc8ce46c895c3bf7cac95331127",
      "name": "coreutils-9.7",
      "pname": "coreutils",
      "rev": "e9f00bd893984bc8ce46c895c3bf7cac95331127",
      "rev_count": 868392,
      "rev_date": "2025-09-28T05:12:35Z",
      "scrape_date": "2025-09-30T02:42:08.712990Z",
      "stabilities": [
        "unstable"
      ],
      "unfree": false,
      "version": "9.7",
      "outputs_to_install": [
        "out"
      ],
      "outputs": {
        "out": "/nix/store/y7g1zx86rxgwyd88h0xiag8604v94x7f-coreutils-9.7",
        "info": "/nix/store/jzpp0k3dnskvvkd3knnisxzy9v1apacv-coreutils-9.7-info"
      },
      "system": "x86_64-darwin",
      "group": "toplevel",
      "priority": 5
    },
    {
      "attr_path": "coreutils",
      "broken": false,
      "derivation": "/nix/store/fzg90bgnwf04zsjb1dk50wxkjhlhyhwz-coreutils-9.7.drv",
      "description": "GNU Core Utilities",
      "install_id": "coreutils",
      "license": "GPL-3.0-or-later",
      "locked_url": "https://github.com/flox/nixpkgs?rev=e9f00bd893984bc8ce46c895c3bf7cac95331127",
      "name": "coreutils-9.7",
      "pname": "coreutils",
      "rev": "e9f00bd893984bc8ce46c895c3bf7cac95331127",
      "rev_count": 868392,
      "rev_date": "2025-09-28T05:12:35Z",
      "scrape_date": "2025-09-30T02:14:04.200976Z",
      "stabilities": [
        "unstable"
      ],
      "unfree": false,
      "version": "9.7",
      "outputs_to_install": [
        "out"
      ],
      "outputs": {
        "out": "/nix/store/ics2w6dwhh4lvmv74d7axf4xc8b153wa-coreutils-9.7",
        "info": "/nix/store/krbf7q4winm2mji16fhz06wca585910d-coreutils-9.7-info",
        "debug": "/nix/store/pcaxksk3kwxpvh2jcq62d7zci9had7y0-coreutils-9.7-debug"
      },
      "system": "aarch64-linux",
      "group": "toplevel",
      "priority": 5
    },
    {
      "attr_path": "coreutils",
      "broken": false,
      "derivation": "/nix/store/4lykrm96bxajhbrv42nzm365n9yf9s1y-coreutils-9.7.drv",
      "description": "GNU Core Utilities",
      "install_id": "coreutils",
      "license": "GPL-3.0-or-later",
      "locked_url": "https://github.com/flox/nixpkgs?rev=e9f00bd893984bc8ce46c895c3bf7cac95331127",
      "name": "coreutils-9.7",
      "pname": "coreutils",
      "rev": "e9f00bd893984bc8ce46c895c3bf7cac95331127",
      "rev_count": 868392,
      "rev_date": "2025-09-28T05:12:35Z",
      "scrape_date": "2025-09-30T03:13:48.474436Z",
      "stabilities": [
        "unstable"
      ],
      "unfree": false,
      "version": "9.7",
      "outputs_to_install": [
        "out"
      ],
      "outputs": {
        "out": "/nix/store/8ksax0a2mxglr5hlkj2dzl556jx7xqn5-coreutils-9.7",
        "info": "/nix/store/0jcd383z6gslc471f17hmx0z4a0a7ach-coreutils-9.7-info",
        "debug": "/nix/store/fskcsdp5ya23myfdps6qc5y2sx6b4jw8-coreutils-9.7-debug"
      },
      "system": "x86_64-linux",
      "group": "toplevel",
      "priority": 5
    },
    {
      "attr_path": "just",
      "broken": false,
      "derivation": "/nix/store/djhhfjkigyr5786yj3rcf38gwn4bgqxw-just-1.42.4.drv",
      "description": "Handy way to save and run project-specific commands",
      "install_id": "just",
      "license": "CC0-1.0",
      "locked_url": "https://github.com/flox/nixpkgs?rev=e9f00bd893984bc8ce46c895c3bf7cac95331127",
      "name": "just-1.42.4",
      "pname": "just",
      "rev": "e9f00bd893984bc8ce46c895c3bf7cac95331127",
      "rev_count": 868392,
      "rev_date": "2025-09-28T05:12:35Z",
      "scrape_date": "2025-09-30T01:44:47.856393Z",
      "stabilities": [
        "unstable"
      ],
      "unfree": false,
      "version": "1.42.4",
      "outputs_to_install": [
        "man",
        "out"
      ],
      "outputs": {
        "doc": "/nix/store/8xavlkm9j3xx4qllzmy5f45fzv9xfb67-just-1.42.4-doc",
        "man": "/nix/store/ckppkxqp5ip8kaprwbr7x2d9a5qmrcwf-just-1.42.4-man",
        "out": "/nix/store/ybxppkvhr3k3ssqhbgccmha29dkgk8f7-just-1.42.4"
      },
      "system": "aarch64-darwin",
      "group": "toplevel",
      "priority": 5
    },
    {
      "attr_path": "just",
      "broken": false,
      "derivation": "/nix/store/zsrln20jj0l5n5drqy3hbc33v7di6v46-just-1.42.4.drv",
      "description": "Handy way to save and run project-specific commands",
      "install_id": "just",
      "license": "CC0-1.0",
      "locked_url": "https://github.com/flox/nixpkgs?rev=e9f00bd893984bc8ce46c895c3bf7cac95331127",
      "name": "just-1.42.4",
      "pname": "just",
      "rev": "e9f00bd893984bc8ce46c895c3bf7cac95331127",
      "rev_count": 868392,
      "rev_date": "2025-09-28T05:12:35Z",
      "scrape_date": "2025-09-30T02:42:23.682106Z",
      "stabilities": [
        "unstable"
      ],
      "unfree": false,
      "version": "1.42.4",
      "outputs_to_install": [
        "man",
        "out"
      ],
      "outputs": {
        "doc": "/nix/store/d97hjbj7hjawid5kslhyijkpaha4fq2l-just-1.42.4-doc",
        "man": "/nix/store/p2jp63pc1wdlb55j11frh1r9z4fvzsp5-just-1.42.4-man",
        "out": "/nix/store/ii2mcj182bl1y6h1qhz28rpidpi9wzhy-just-1.42.4"
      },
      "system": "x86_64-darwin",
      "group": "toplevel",
      "priority": 5
    },
    {
      "attr_path": "just",
      "broken": false,
      "derivation": "/nix/store/yaz16lrxicg2qfv8g5awv7lhs7hzgf7z-just-1.42.4.drv",
      "description": "Handy way to save and run project-specific commands",
      "install_id": "just",
      "license": "CC0-1.0",
      "locked_url": "https://github.com/flox/nixpkgs?rev=e9f00bd893984bc8ce46c895c3bf7cac95331127",
      "name": "just-1.42.4",
      "pname": "just",
      "rev": "e9f00bd893984bc8ce46c895c3bf7cac95331127",
      "rev_count": 868392,
      "rev_date": "2025-09-28T05:12:35Z",
      "scrape_date": "2025-09-30T02:14:25.299979Z",
      "stabilities": [
        "unstable"
      ],
      "unfree": false,
      "version": "1.42.4",
      "outputs_to_install": [
        "man",
        "out"
      ],
      "outputs": {
        "doc": "/nix/store/fwfx6fh2cai9rfkfps9swh9wq593n0aa-just-1.42.4-doc",
        "man": "/nix/store/7czcmnfirfmsh2qihr6far9jiq9a8542-just-1.42.4-man",
        "out": "/nix/store/czphzid3fs3bp8afmq1jhidz2cvrrnsd-just-1.42.4"
      },
      "system": "aarch64-linux",
      "group": "toplevel",
      "priority": 5
    },
    {
      "attr_path": "just",
      "broken": false,
      "derivation": "/nix/store/2xp05qr6m0ayg9kwxmww5s17kir6d4p9-just-1.42.4.drv",
      "description": "Handy way to save and run project-specific commands",
      "install_id": "just",
      "license": "CC0-1.0",
      "locked_url": "https://github.com/flox/nixpkgs?rev=e9f00bd893984bc8ce46c895c3bf7cac95331127",
      "name": "just-1.42.4",
      "pname": "just",
      "rev": "e9f00bd893984bc8ce46c895c3bf7cac95331127",
      "rev_count": 868392,
      "rev_date": "2025-09-28T05:12:35Z",
      "scrape_date": "2025-09-30T03:14:10.894183Z",
      "stabilities": [
        "unstable"
      ],
      "unfree": false,
      "version": "1.42.4",
      "outputs_to_install": [
        "man",
        "out"
      ],
      "outputs": {
        "doc": "/nix/store/f3q8pxx7sl7nkw3p9c63j60nwvcn50rj-just-1.42.4-doc",
        "man": "/nix/store/7qdcpikn194jivbgn84iizvr7cmpk0hb-just-1.42.4-man",
        "out": "/nix/store/i5l66qbwry5skvwac6zxi81xq6qa3qwr-just-1.42.4"
      },
      "system": "x86_64-linux",
      "group": "toplevel",
      "priority": 5
    }
  ]
}