{
  "lockfile-version": 1,
  "manifest": {
    "version": 1,
    "install": {
      "lazyjj": {
        "pkg-path": "lazyjj"
      }
    },
    "options": {}
  },
  "packages": [
    {
      "attr_path": "lazyjj",
      "broken": false,
      "derivation": "/nix/store/4z9cf6gh64j64nkhp78m73p3l6xpfz3p-lazyjj-0.6.1.drv",
      "description": "TUI for Jujutsu/jj",
      "install_id": "lazyjj",
      "license": "Apache-2.0",
      "locked_url": "https://github.com/flox/nixpkgs?rev=fb7944c166a3b630f177938e478f0378e64ce108",
      "name": "lazyjj-0.6.1",
      "pname": "lazyjj",
      "rev": "fb7944c166a3b630f177938e478f0378e64ce108",
      "rev_count": 921484,
      "rev_date": "2026-01-02T18:37:51Z",
      "scrape_date": "2026-01-04T02:57:10.115015Z",
      "stabilities": [
        "unstable"
      ],
      "unfree": false,
      "version": "0.6.1",
      "outputs_to_install": [
        "out"
      ],
      "outputs": {
        "out": "/nix/store/mlnm2i3zr0wi4kipllk4z4d7806iy18n-lazyjj-0.6.1"
      },
      "system": "aarch64-darwin",
      "group": "toplevel",
      "priority": 5
    },
    {
      "attr_path": "lazyjj",
      "broken": false,
      "derivation": "/nix/store/vi14ikaixdawgdp56dwgpb04anmdp0rb-lazyjj-0.6.1.drv",
      "description": "TUI for Jujutsu/jj",
      "install_id": "lazyjj",
      "license": "Apache-2.0",
      "locked_url": "https://github.com/flox/nixpkgs?rev=fb7944c166a3b630f177938e478f0378e64ce108",
      "name": "lazyjj-0.6.1",
      "pname": "lazyjj",
      "rev": "fb7944c166a3b630f177938e478f0378e64ce108",
      "rev_count": 921484,
      "rev_date": "2026-01-02T18:37:51Z",
      "scrape_date": "2026-01-04T03:21:17.366394Z",
      "stabilities": [
        "unstable"
      ],
      "unfree": false,
      "version": "0.6.1",
      "outputs_to_install": [
        "out"
      ],
      "outputs": {
        "out": "/nix/store/n00gd0p53bqvwa8907iq55sjbbfivgf6-lazyjj-0.6.1"
      },
      "system": "aarch64-linux",
      "group": "toplevel",
      "priority": 5
    },
    {
      "attr_path": "lazyjj",
      "broken": false,
      "derivation": "/nix/store/hglm2kdmqj1aa37sw45bxymikcl01all-lazyjj-0.6.1.drv",
      "description": "TUI for Jujutsu/jj",
      "install_id": "lazyjj",
      "license": "Apache-2.0",
      "locked_url": "https://github.com/flox/nixpkgs?rev=fb7944c166a3b630f177938e478f0378e64ce108",
      "name": "lazyjj-0.6.1",
      "pname": "lazyjj",
      "rev": "fb7944c166a3b630f177938e478f0378e64ce108",
      "rev_count": 921484,
      "rev_date": "2026-01-02T18:37:51Z",
      "scrape_date": "2026-01-04T03:32:14.920764Z",
      "stabilities": [
        "unstable"
      ],
      "unfree": false,
      "version": "0.6.1",
      "outputs_to_install": [
        "out"
      ],
      "outputs": {
        "out": "/nix/store/954dx1dspr6qk2ky295dgg44n8l3mkmy-lazyjj-0.6.1"
      },
      "system": "x86_64-darwin",
      "group": "toplevel",
      "priority": 5
    },
    {
      "attr_path": "lazyjj",
      "broken": false,
      "derivation": "/nix/store/5rqb6brs6wnlagq082xv8v3alpqygrbc-lazyjj-0.6.1.drv",
      "description": "TUI for Jujutsu/jj",
      "install_id": "lazyjj",
      "license": "Apache-2.0",
      "locked_url": "https://github.com/flox/nixpkgs?rev=fb7944c166a3b630f177938e478f0378e64ce108",
      "name": "lazyjj-0.6.1",
      "pname": "lazyjj",
      "rev": "fb7944c166a3b630f177938e478f0378e64ce108",
      "rev_count": 921484,
      "rev_date": "2026-01-02T18:37:51Z",
      "scrape_date": "2026-01-04T03:42:58.996607Z",
      "stabilities": [
        "unstable"
      ],
      "unfree": false,
      "version": "0.6.1",
      "outputs_to_install": [
        "out"
      ],
      "outputs": {
        "out": "/nix/store/bc5gw4dc00lm21jn30j0mbqsmhsm3qqs-lazyjj-0.6.1"
      },
      "system": "x86_64-linux",
      "group": "toplevel",
      "priority": 5
    }
  ]
}
